
Microsoft Visual Studio Solution File, Format Version 12.00
# Visual Studio 15
VisualStudioVersion = 15.0.28307.106
MinimumVisualStudioVersion = 10.0.40219.1
Project("{FAE04EC0-301F-11D3-BF4B-00C04F79EFBC}") = "SignalRChat", "SignalRChat\SignalRChat.csproj", "{6D3341B8-5AB2-46E9-9D12-BC4C010C78F3}"
EndProject
Project("{2150E333-8FDC-42A3-9474-1A3956D46DE8}") = "Solution Items", "Solution Items", "{AF920A8B-5F14-4F61-B84F-C0879373F339}"
	ProjectSection(SolutionItems) = preProject
		.gitattributes = .gitattributes
		.gitignore = .gitignore
	EndProjectSection
EndProject
Global
	GlobalSection(SolutionConfigurationPlatforms) = preSolution
		Debug|Any CPU = Debug|Any CPU
		Release|Any CPU = Release|Any CPU
	EndGlobalSection
	GlobalSection(ProjectConfigurationPlatforms) = postSolution
		{6D3341B8-5AB2-46E9-9D12-BC4C010C78F3}.Debug|Any CPU.ActiveCfg = Debug|Any CPU
		{6D3341B8-5AB2-46E9-9D12-BC4C010C78F3}.Debug|Any CPU.Build.0 = Debug|Any CPU
		{6D3341B8-5AB2-46E9-9D12-BC4C010C78F3}.Release|Any CPU.ActiveCfg = Release|Any CPU
		{6D3341B8-5AB2-46E9-9D12-BC4C010C78F3}.Release|Any CPU.Build.0 = Release|Any CPU
	EndGlobalSection
	GlobalSection(SolutionProperties) = preSolution
		HideSolutionNode = FALSE
	EndGlobalSection
	GlobalSection(ExtensibilityGlobals) = postSolution
		SolutionGuid = {B83381C2-3C3C-4B59-9D53-FD2B30BF965C}
	EndGlobalSection
EndGlobal
